
Microsoft Visual Studio Solution File, Format Version 12.00
# Visual Studio Version 16
VisualStudioVersion = 16.0.33328.57
MinimumVisualStudioVersion = 10.0.40219.1
Project("{FAE04EC0-301F-11D3-BF4B-00C04F79EFBC}") = "Projekt_Programowanie obiektowe", "Projekt_Programowanie obiektowe\Projekt_Programowanie obiektowe.csproj", "{16C756F9-0971-4A2F-98F6-9FA352E18F45}"
EndProject
Global
	GlobalSection(SolutionConfigurationPlatforms) = preSolution
		Debug|Any CPU = Debug|Any CPU
		Release|Any CPU = Release|Any CPU
	EndGlobalSection
	GlobalSection(ProjectConfigurationPlatforms) = postSolution
		{16C756F9-0971-4A2F-98F6-9FA352E18F45}.Debug|Any CPU.ActiveCfg = Debug|Any CPU
		{16C756F9-0971-4A2F-98F6-9FA352E18F45}.Debug|Any CPU.Build.0 = Debug|Any CPU
		{16C756F9-0971-4A2F-98F6-9FA352E18F45}.Release|Any CPU.ActiveCfg = Release|Any CPU
		{16C756F9-0971-4A2F-98F6-9FA352E18F45}.Release|Any CPU.Build.0 = Release|Any CPU
	EndGlobalSection
	GlobalSection(SolutionProperties) = preSolution
		HideSolutionNode = FALSE
	EndGlobalSection
	GlobalSection(ExtensibilityGlobals) = postSolution
		SolutionGuid = {E2C3AA1A-F715-4E8F-B9EE-9B888D0CCF54}
	EndGlobalSection
EndGlobal
